
Microsoft Visual Studio Solution File, Format Version 12.00
# Visual Studio Version 16
VisualStudioVersion = 16.0.30104.148
MinimumVisualStudioVersion = 10.0.40219.1
Project("{FAE04EC0-301F-11D3-BF4B-00C04F79EFBC}") = "Juegos", "Juegos\Juegos.csproj", "{AEF43B44-3C99-4299-8C76-1FF55472C063}"
EndProject
Global
	GlobalSection(SolutionConfigurationPlatforms) = preSolution
		Debug|Any CPU = Debug|Any CPU
		Release|Any CPU = Release|Any CPU
	EndGlobalSection
	GlobalSection(ProjectConfigurationPlatforms) = postSolution
		{AEF43B44-3C99-4299-8C76-1FF55472C063}.Debug|Any CPU.ActiveCfg = Debug|Any CPU
		{AEF43B44-3C99-4299-8C76-1FF55472C063}.Debug|Any CPU.Build.0 = Debug|Any CPU
		{AEF43B44-3C99-4299-8C76-1FF55472C063}.Release|Any CPU.ActiveCfg = Release|Any CPU
		{AEF43B44-3C99-4299-8C76-1FF55472C063}.Release|Any CPU.Build.0 = Release|Any CPU
	EndGlobalSection
	GlobalSection(SolutionProperties) = preSolution
		HideSolutionNode = FALSE
	EndGlobalSection
	GlobalSection(ExtensibilityGlobals) = postSolution
		SolutionGuid = {E8638B48-BFA6-4798-8605-F996168AF3DF}
	EndGlobalSection
EndGlobal
